// !$*UTF8*$!
{
	archiveVersion = 1;
	classes = {
	};
	objectVersion = 50;
	objects = {

/* Begin PBXBuildFile section */
		2D0E48C56819C75A962CE05B /* Pods_map.framework in Frameworks */ = {isa = PBXBuildFile; fileRef = 12AB767774A4F5352AA25825 /* Pods_map.framework */; };
		867068832236CBE10006F823 /* AppDelegate.swift in Sources */ = {isa = PBXBuildFile; fileRef = 867068822236CBE10006F823 /* AppDelegate.swift */; };
		867068852236CBE10006F823 /* ViewController.swift in Sources */ = {isa = PBXBuildFile; fileRef = 867068842236CBE10006F823 /* ViewController.swift */; };
		867068882236CBE10006F823 /* Main.storyboard in Resources */ = {isa = PBXBuildFile; fileRef = 867068862236CBE10006F823 /* Main.storyboard */; };
		8670688A2236CBE30006F823 /* Assets.xcassets in Resources */ = {isa = PBXBuildFile; fileRef = 867068892236CBE30006F823 /* Assets.xcassets */; };
		8670688D2236CBE30006F823 /* LaunchScreen.storyboard in Resources */ = {isa = PBXBuildFile; fileRef = 8670688B2236CBE30006F823 /* LaunchScreen.storyboard */; };
		867068982236CBE30006F823 /* mapTests.swift in Sources */ = {isa = PBXBuildFile; fileRef = 867068972236CBE30006F823 /* mapTests.swift */; };
		867068A32236CBE30006F823 /* mapUITests.swift in Sources */ = {isa = PBXBuildFile; fileRef = 867068A22236CBE30006F823 /* mapUITests.swift */; };
		8C91894380F559C64DC2652B /* Pods_mapUITests.framework in Frameworks */ = {isa = PBXBuildFile; fileRef = BADB1D047B4338B70AA4439D /* Pods_mapUITests.framework */; };
		B4FF0B63F2E0A35B3755B052 /* Pods_mapTests.framework in Frameworks */ = {isa = PBXBuildFile; fileRef = 878F75E5C5B06E41CF87FD18 /* Pods_mapTests.framework */; };
/* End PBXBuildFile section */

/* Begin PBXContainerItemProxy section */
		867068942236CBE30006F823 /* PBXContainerItemProxy */ = {
			isa = PBXContainerItemProxy;
			containerPortal = 867068772236CBE10006F823 /* Project object */;
			proxyType = 1;
			remoteGlobalIDString = 8670687E2236CBE10006F823;
			remoteInfo = map;
		};
		8670689F2236CBE30006F823 /* PBXContainerItemProxy */ = {
			isa = PBXContainerItemProxy;
			containerPortal = 867068772236CBE10006F823 /* Project object */;
			proxyType = 1;
			remoteGlobalIDString = 8670687E2236CBE10006F823;
			remoteInfo = map;
		};
/* End PBXContainerItemProxy section */

/* Begin PBXFileReference section */
		12AB767774A4F5352AA25825 /* Pods_map.framework */ = {isa = PBXFileReference; explicitFileType = wrapper.framework; includeInIndex = 0; path = Pods_map.framework; sourceTree = BUILT_PRODUCTS_DIR; };
		2DC6B8960C94AF5C399FA9E8 /* Pods-mapTests.release.xcconfig */ = {isa = PBXFileReference; includeInIndex = 1; lastKnownFileType = text.xcconfig; name = "Pods-mapTests.release.xcconfig"; path = "Pods/Target Support Files/Pods-mapTests/Pods-mapTests.release.xcconfig"; sourceTree = "<group>"; };
		4FB6BFF0509340648335D959 /* Pods-mapUITests.release.xcconfig */ = {isa = PBXFileReference; includeInIndex = 1; lastKnownFileType = text.xcconfig; name = "Pods-mapUITests.release.xcconfig"; path = "Pods/Target Support Files/Pods-mapUITests/Pods-mapUITests.release.xcconfig"; sourceTree = "<group>"; };
		8127D88F9CF58AFFCFC9B14F /* Pods-mapUITests.debug.xcconfig */ = {isa = PBXFileReference; includeInIndex = 1; lastKnownFileType = text.xcconfig; name = "Pods-mapUITests.debug.xcconfig"; path = "Pods/Target Support Files/Pods-mapUITests/Pods-mapUITests.debug.xcconfig"; sourceTree = "<group>"; };
		8670687F2236CBE10006F823 /* map.app */ = {isa = PBXFileReference; explicitFileType = wrapper.application; includeInIndex = 0; path = map.app; sourceTree = BUILT_PRODUCTS_DIR; };
		867068822236CBE10006F823 /* AppDelegate.swift */ = {isa = PBXFileReference; lastKnownFileType = sourcecode.swift; path = AppDelegate.swift; sourceTree = "<group>"; };
		867068842236CBE10006F823 /* ViewController.swift */ = {isa = PBXFileReference; lastKnownFileType = sourcecode.swift; path = ViewController.swift; sourceTree = "<group>"; };
		867068872236CBE10006F823 /* Base */ = {isa = PBXFileReference; lastKnownFileType = file.storyboard; name = Base; path = Base.lproj/Main.storyboard; sourceTree = "<group>"; };
		867068892236CBE30006F823 /* Assets.xcassets */ = {isa = PBXFileReference; lastKnownFileType = folder.assetcatalog; path = Assets.xcassets; sourceTree = "<group>"; };
		8670688C2236CBE30006F823 /* Base */ = {isa = PBXFileReference; lastKnownFileType = file.storyboard; name = Base; path = Base.lproj/LaunchScreen.storyboard; sourceTree = "<group>"; };
		8670688E2236CBE30006F823 /* Info.plist */ = {isa = PBXFileReference; lastKnownFileType = text.plist.xml; path = Info.plist; sourceTree = "<group>"; };
		867068932236CBE30006F823 /* mapTests.xctest */ = {isa = PBXFileReference; explicitFileType = wrapper.cfbundle; includeInIndex = 0; path = mapTests.xctest; sourceTree = BUILT_PRODUCTS_DIR; };
		867068972236CBE30006F823 /* mapTests.swift */ = {isa = PBXFileReference; lastKnownFileType = sourcecode.swift; path = mapTests.swift; sourceTree = "<group>"; };
		867068992236CBE30006F823 /* Info.plist */ = {isa = PBXFileReference; lastKnownFileType = text.plist.xml; path = Info.plist; sourceTree = "<group>"; };
		8670689E2236CBE30006F823 /* mapUITests.xctest */ = {isa = PBXFileReference; explicitFileType = wrapper.cfbundle; includeInIndex = 0; path = mapUITests.xctest; sourceTree = BUILT_PRODUCTS_DIR; };
		867068A22236CBE30006F823 /* mapUITests.swift */ = {isa = PBXFileReference; lastKnownFileType = sourcecode.swift; path = mapUITests.swift; sourceTree = "<group>"; };
		867068A42236CBE30006F823 /* Info.plist */ = {isa = PBXFileReference; lastKnownFileType = text.plist.xml; path = Info.plist; sourceTree = "<group>"; };
		878F75E5C5B06E41CF87FD18 /* Pods_mapTests.framework */ = {isa = PBXFileReference; explicitFileType = wrapper.framework; includeInIndex = 0; path = Pods_mapTests.framework; sourceTree = BUILT_PRODUCTS_DIR; };
		8D85912303B6F88541ABBF9D /* Pods-map.debug.xcconfig */ = {isa = PBXFileReference; includeInIndex = 1; lastKnownFileType = text.xcconfig; name = "Pods-map.debug.xcconfig"; path = "Pods/Target Support Files/Pods-map/Pods-map.debug.xcconfig"; sourceTree = "<group>"; };
		A48AE17F288EAE92E0F47BDB /* Pods-map.release.xcconfig */ = {isa = PBXFileReference; includeInIndex = 1; lastKnownFileType = text.xcconfig; name = "Pods-map.release.xcconfig"; path = "Pods/Target Support Files/Pods-map/Pods-map.release.xcconfig"; sourceTree = "<group>"; };
		BADB1D047B4338B70AA4439D /* Pods_mapUITests.framework */ = {isa = PBXFileReference; explicitFileType = wrapper.framework; includeInIndex = 0; path = Pods_mapUITests.framework; sourceTree = BUILT_PRODUCTS_DIR; };
		C9E3D392C145F3359B53A847 /* Pods-mapTests.debug.xcconfig */ = {isa = PBXFileReference; includeInIndex = 1; lastKnownFileType = text.xcconfig; name = "Pods-mapTests.debug.xcconfig"; path = "Pods/Target Support Files/Pods-mapTests/Pods-mapTests.debug.xcconfig"; sourceTree = "<group>"; };
/* End PBXFileReference section */

/* Begin PBXFrameworksBuildPhase section */
		8670687C2236CBE10006F823 /* Frameworks */ = {
			isa = PBXFrameworksBuildPhase;
			buildActionMask = 2147483647;
			files = (
				2D0E48C56819C75A962CE05B /* Pods_map.framework in Frameworks */,
			);
			runOnlyForDeploymentPostprocessing = 0;
		};
		867068902236CBE30006F823 /* Frameworks */ = {
			isa = PBXFrameworksBuildPhase;
			buildActionMask = 2147483647;
			files = (
				B4FF0B63F2E0A35B3755B052 /* Pods_mapTests.framework in Frameworks */,
			);
			runOnlyForDeploymentPostprocessing = 0;
		};
		8670689B2236CBE30006F823 /* Frameworks */ = {
			isa = PBXFrameworksBuildPhase;
			buildActionMask = 2147483647;
			files = (
				8C91894380F559C64DC2652B /* Pods_mapUITests.framework in Frameworks */,
			);
			runOnlyForDeploymentPostprocessing = 0;
		};
/* End PBXFrameworksBuildPhase section */

/* Begin PBXGroup section */
		66CB0CF7AB507B2EADC7C4BC /* Pods */ = {
			isa = PBXGroup;
			children = (
				8D85912303B6F88541ABBF9D /* Pods-map.debug.xcconfig */,
				A48AE17F288EAE92E0F47BDB /* Pods-map.release.xcconfig */,
				C9E3D392C145F3359B53A847 /* Pods-mapTests.debug.xcconfig */,
				2DC6B8960C94AF5C399FA9E8 /* Pods-mapTests.release.xcconfig */,
				8127D88F9CF58AFFCFC9B14F /* Pods-mapUITests.debug.xcconfig */,
				4FB6BFF0509340648335D959 /* Pods-mapUITests.release.xcconfig */,
			);
			name = Pods;
			sourceTree = "<group>";
		};
		867068762236CBE10006F823 = {
			isa = PBXGroup;
			children = (
				867068812236CBE10006F823 /* map */,
				867068962236CBE30006F823 /* mapTests */,
				867068A12236CBE30006F823 /* mapUITests */,
				867068802236CBE10006F823 /* Products */,
				66CB0CF7AB507B2EADC7C4BC /* Pods */,
				E5A6D7699B1C4BA871E53A91 /* Frameworks */,
			);
			sourceTree = "<group>";
		};
		867068802236CBE10006F823 /* Products */ = {
			isa = PBXGroup;
			children = (
				8670687F2236CBE10006F823 /* map.app */,
				867068932236CBE30006F823 /* mapTests.xctest */,
				8670689E2236CBE30006F823 /* mapUITests.xctest */,
			);
			name = Products;
			sourceTree = "<group>";
		};
		867068812236CBE10006F823 /* map */ = {
			isa = PBXGroup;
			children = (
				867068822236CBE10006F823 /* AppDelegate.swift */,
				867068842236CBE10006F823 /* ViewController.swift */,
				867068862236CBE10006F823 /* Main.storyboard */,
				867068892236CBE30006F823 /* Assets.xcassets */,
				8670688B2236CBE30006F823 /* LaunchScreen.storyboard */,
				8670688E2236CBE30006F823 /* Info.plist */,
			);
			path = map;
			sourceTree = "<group>";
		};
		867068962236CBE30006F823 /* mapTests */ = {
			isa = PBXGroup;
			children = (
				867068972236CBE30006F823 /* mapTests.swift */,
				867068992236CBE30006F823 /* Info.plist */,
			);
			path = mapTests;
			sourceTree = "<group>";
		};
		867068A12236CBE30006F823 /* mapUITests */ = {
			isa = PBXGroup;
			children = (
				867068A22236CBE30006F823 /* mapUITests.swift */,
				867068A42236CBE30006F823 /* Info.plist */,
			);
			path = mapUITests;
			sourceTree = "<group>";
		};
		E5A6D7699B1C4BA871E53A91 /* Frameworks */ = {
			isa = PBXGroup;
			children = (
				12AB767774A4F5352AA25825 /* Pods_map.framework */,
				878F75E5C5B06E41CF87FD18 /* Pods_mapTests.framework */,
				BADB1D047B4338B70AA4439D /* Pods_mapUITests.framework */,
			);
			name = Frameworks;
			sourceTree = "<group>";
		};
/* End PBXGroup section */

/* Begin PBXNativeTarget section */
		8670687E2236CBE10006F823 /* map */ = {
			isa = PBXNativeTarget;
			buildConfigurationList = 867068A72236CBE30006F823 /* Build configuration list for PBXNativeTarget "map" */;
			buildPhases = (
				5BD57C608249A7DB70E77022 /* [CP] Check Pods Manifest.lock */,
				8670687B2236CBE10006F823 /* Sources */,
				8670687C2236CBE10006F823 /* Frameworks */,
				8670687D2236CBE10006F823 /* Resources */,
				882CC757183C13431794CE90 /* [CP] Embed Pods Frameworks */,
			);
			buildRules = (
			);
			dependencies = (
			);
			name = map;
			productName = map;
			productReference = 8670687F2236CBE10006F823 /* map.app */;
			productType = "com.apple.product-type.application";
		};
		867068922236CBE30006F823 /* mapTests */ = {
			isa = PBXNativeTarget;
			buildConfigurationList = 867068AA2236CBE30006F823 /* Build configuration list for PBXNativeTarget "mapTests" */;
			buildPhases = (
				35FB96D16FADCB33702740D8 /* [CP] Check Pods Manifest.lock */,
				8670688F2236CBE30006F823 /* Sources */,
				867068902236CBE30006F823 /* Frameworks */,
				867068912236CBE30006F823 /* Resources */,
			);
			buildRules = (
			);
			dependencies = (
				867068952236CBE30006F823 /* PBXTargetDependency */,
			);
			name = mapTests;
			productName = mapTests;
			productReference = 867068932236CBE30006F823 /* mapTests.xctest */;
			productType = "com.apple.product-type.bundle.unit-test";
		};
		8670689D2236CBE30006F823 /* mapUITests */ = {
			isa = PBXNativeTarget;
			buildConfigurationList = 867068AD2236CBE30006F823 /* Build configuration list for PBXNativeTarget "mapUITests" */;
			buildPhases = (
				473158A4BA0709118AB7BE61 /* [CP] Check Pods Manifest.lock */,
				8670689A2236CBE30006F823 /* Sources */,
				8670689B2236CBE30006F823 /* Frameworks */,
				8670689C2236CBE30006F823 /* Resources */,
			);
			buildRules = (
			);
			dependencies = (
				867068A02236CBE30006F823 /* PBXTargetDependency */,
			);
			name = mapUITests;
			productName = mapUITests;
			productReference = 8670689E2236CBE30006F823 /* mapUITests.xctest */;
			productType = "com.apple.product-type.bundle.ui-testing";
		};
/* End PBXNativeTarget section */

/* Begin PBXProject section */
		867068772236CBE10006F823 /* Project object */ = {
			isa = PBXProject;
			attributes = {
				LastSwiftUpdateCheck = 1010;
				LastUpgradeCheck = 1010;
				ORGANIZATIONNAME = "Thái Tuân";
				TargetAttributes = {
					8670687E2236CBE10006F823 = {
						CreatedOnToolsVersion = 10.1;
					};
					867068922236CBE30006F823 = {
						CreatedOnToolsVersion = 10.1;
						TestTargetID = 8670687E2236CBE10006F823;
					};
					8670689D2236CBE30006F823 = {
						CreatedOnToolsVersion = 10.1;
						TestTargetID = 8670687E2236CBE10006F823;
					};
				};
			};
			buildConfigurationList = 8670687A2236CBE10006F823 /* Build configuration list for PBXProject "map" */;
			compatibilityVersion = "Xcode 9.3";
			developmentRegion = en;
			hasScannedForEncodings = 0;
			knownRegions = (
				en,
				Base,
			);
			mainGroup = 867068762236CBE10006F823;
			productRefGroup = 867068802236CBE10006F823 /* Products */;
			projectDirPath = "";
			projectRoot = "";
			targets = (
				8670687E2236CBE10006F823 /* map */,
				867068922236CBE30006F823 /* mapTests */,
				8670689D2236CBE30006F823 /* mapUITests */,
			);
		};
/* End PBXProject section */

/* Begin PBXResourcesBuildPhase section */
		8670687D2236CBE10006F823 /* Resources */ = {
			isa = PBXResourcesBuildPhase;
			buildActionMask = 2147483647;
			files = (
				8670688D2236CBE30006F823 /* LaunchScreen.storyboard in Resources */,
				8670688A2236CBE30006F823 /* Assets.xcassets in Resources */,
				867068882236CBE10006F823 /* Main.storyboard in Resources */,
			);
			runOnlyForDeploymentPostprocessing = 0;
		};
		867068912236CBE30006F823 /* Resources */ = {
			isa = PBXResourcesBuildPhase;
			buildActionMask = 2147483647;
			files = (
			);
			runOnlyForDeploymentPostprocessing = 0;
		};
		8670689C2236CBE30006F823 /* Resources */ = {
			isa = PBXResourcesBuildPhase;
			buildActionMask = 2147483647;
			files = (
			);
			runOnlyForDeploymentPostprocessing = 0;
		};
/* End PBXResourcesBuildPhase section */

/* Begin PBXShellScriptBuildPhase section */
		35FB96D16FADCB33702740D8 /* [CP] Check Pods Manifest.lock */ = {
			isa = PBXShellScriptBuildPhase;
			buildActionMask = 2147483647;
			files = (
			);
			inputPaths = (
				"${PODS_PODFILE_DIR_PATH}/Podfile.lock",
				"${PODS_ROOT}/Manifest.lock",
			);
			name = "[CP] Check Pods Manifest.lock";
			outputPaths = (
				"$(DERIVED_FILE_DIR)/Pods-mapTests-checkManifestLockResult.txt",
			);
			runOnlyForDeploymentPostprocessing = 0;
			shellPath = /bin/sh;
			shellScript = "diff \"${PODS_PODFILE_DIR_PATH}/Podfile.lock\" \"${PODS_ROOT}/Manifest.lock\" > /dev/null\nif [ $? != 0 ] ; then\n    # print error to STDERR\n    echo \"error: The sandbox is not in sync with the Podfile.lock. Run 'pod install' or update your CocoaPods installation.\" >&2\n    exit 1\nfi\n# This output is used by Xcode 'outputs' to avoid re-running this script phase.\necho \"SUCCESS\" > \"${SCRIPT_OUTPUT_FILE_0}\"\n";
			showEnvVarsInLog = 0;
		};
		473158A4BA0709118AB7BE61 /* [CP] Check Pods Manifest.lock */ = {
			isa = PBXShellScriptBuildPhase;
			buildActionMask = 2147483647;
			files = (
			);
			inputPaths = (
				"${PODS_PODFILE_DIR_PATH}/Podfile.lock",
				"${PODS_ROOT}/Manifest.lock",
			);
			name = "[CP] Check Pods Manifest.lock";
			outputPaths = (
				"$(DERIVED_FILE_DIR)/Pods-mapUITests-checkManifestLockResult.txt",
			);
			runOnlyForDeploymentPostprocessing = 0;
			shellPath = /bin/sh;
			shellScript = "diff \"${PODS_PODFILE_DIR_PATH}/Podfile.lock\" \"${PODS_ROOT}/Manifest.lock\" > /dev/null\nif [ $? != 0 ] ; then\n    # print error to STDERR\n    echo \"error: The sandbox is not in sync with the Podfile.lock. Run 'pod install' or update your CocoaPods installation.\" >&2\n    exit 1\nfi\n# This output is used by Xcode 'outputs' to avoid re-running this script phase.\necho \"SUCCESS\" > \"${SCRIPT_OUTPUT_FILE_0}\"\n";
			showEnvVarsInLog = 0;
		};
		5BD57C608249A7DB70E77022 /* [CP] Check Pods Manifest.lock */ = {
			isa = PBXShellScriptBuildPhase;
			buildActionMask = 2147483647;
			files = (
			);
			inputPaths = (
				"${PODS_PODFILE_DIR_PATH}/Podfile.lock",
				"${PODS_ROOT}/Manifest.lock",
			);
			name = "[CP] Check Pods Manifest.lock";
			outputPaths = (
				"$(DERIVED_FILE_DIR)/Pods-map-checkManifestLockResult.txt",
			);
			runOnlyForDeploymentPostprocessing = 0;
			shellPath = /bin/sh;
			shellScript = "diff \"${PODS_PODFILE_DIR_PATH}/Podfile.lock\" \"${PODS_ROOT}/Manifest.lock\" > /dev/null\nif [ $? != 0 ] ; then\n    # print error to STDERR\n    echo \"error: The sandbox is not in sync with the Podfile.lock. Run 'pod install' or update your CocoaPods installation.\" >&2\n    exit 1\nfi\n# This output is used by Xcode 'outputs' to avoid re-running this script phase.\necho \"SUCCESS\" > \"${SCRIPT_OUTPUT_FILE_0}\"\n";
			showEnvVarsInLog = 0;
		};
		882CC757183C13431794CE90 /* [CP] Embed Pods Frameworks */ = {
			isa = PBXShellScriptBuildPhase;
			buildActionMask = 2147483647;
			files = (
			);
			inputPaths = (
				"${SRCROOT}/Pods/Target Support Files/Pods-map/Pods-map-frameworks.sh",
				"${PODS_ROOT}/Mapbox-iOS-SDK/dynamic/Mapbox.framework",
				"${PODS_ROOT}/Mapbox-iOS-SDK/dynamic/Mapbox.framework.dSYM",
				"${BUILT_PRODUCTS_DIR}/MapboxStatic.swift/MapboxStatic.framework",
				"${BUILT_PRODUCTS_DIR}/Polyline/Polyline.framework",
			);
			name = "[CP] Embed Pods Frameworks";
			outputPaths = (
				"${TARGET_BUILD_DIR}/${FRAMEWORKS_FOLDER_PATH}/Mapbox.framework",
				"${DWARF_DSYM_FOLDER_PATH}/Mapbox.framework.dSYM",
				"${TARGET_BUILD_DIR}/${FRAMEWORKS_FOLDER_PATH}/MapboxStatic.framework",
				"${TARGET_BUILD_DIR}/${FRAMEWORKS_FOLDER_PATH}/Polyline.framework",
			);
			runOnlyForDeploymentPostprocessing = 0;
			shellPath = /bin/sh;
			shellScript = "\"${SRCROOT}/Pods/Target Support Files/Pods-map/Pods-map-frameworks.sh\"\n";
			showEnvVarsInLog = 0;
		};
/* End PBXShellScriptBuildPhase section */

/* Begin PBXSourcesBuildPhase section */
		8670687B2236CBE10006F823 /* Sources */ = {
			isa = PBXSourcesBuildPhase;
			buildActionMask = 2147483647;
			files = (
				867068852236CBE10006F823 /* ViewController.swift in Sources */,
				867068832236CBE10006F823 /* AppDelegate.swift in Sources */,
			);
			runOnlyForDeploymentPostprocessing = 0;
		};
		8670688F2236CBE30006F823 /* Sources */ = {
			isa = PBXSourcesBuildPhase;
			buildActionMask = 2147483647;
			files = (
				867068982236CBE30006F823 /* mapTests.swift in Sources */,
			);
			runOnlyForDeploymentPostprocessing = 0;
		};
		8670689A2236CBE30006F823 /* Sources */ = {
			isa = PBXSourcesBuildPhase;
			buildActionMask = 2147483647;
			files = (
				867068A32236CBE30006F823 /* mapUITests.swift in Sources */,
			);
			runOnlyForDeploymentPostprocessing = 0;
		};
/* End PBXSourcesBuildPhase section */

/* Begin PBXTargetDependency section */
		867068952236CBE30006F823 /* PBXTargetDependency */ = {
			isa = PBXTargetDependency;
			target = 8670687E2236CBE10006F823 /* map */;
			targetProxy = 867068942236CBE30006F823 /* PBXContainerItemProxy */;
		};
		867068A02236CBE30006F823 /* PBXTargetDependency */ = {
			isa = PBXTargetDependency;
			target = 8670687E2236CBE10006F823 /* map */;
			targetProxy = 8670689F2236CBE30006F823 /* PBXContainerItemProxy */;
		};
/* End PBXTargetDependency section */

/* Begin PBXVariantGroup section */
		867068862236CBE10006F823 /* Main.storyboard */ = {
			isa = PBXVariantGroup;
			children = (
				867068872236CBE10006F823 /* Base */,
			);
			name = Main.storyboard;
			sourceTree = "<group>";
		};
		8670688B2236CBE30006F823 /* LaunchScreen.storyboard */ = {
			isa = PBXVariantGroup;
			children = (
				8670688C2236CBE30006F823 /* Base */,
			);
			name = LaunchScreen.storyboard;
			sourceTree = "<group>";
		};
/* End PBXVariantGroup section */

/* Begin XCBuildConfiguration section */
		867068A52236CBE30006F823 /* Debug */ = {
			isa = XCBuildConfiguration;
			buildSettings = {
				ALWAYS_SEARCH_USER_PATHS = NO;
				CLANG_ANALYZER_NONNULL = YES;
				CLANG_ANALYZER_NUMBER_OBJECT_CONVERSION = YES_AGGRESSIVE;
				CLANG_CXX_LANGUAGE_STANDARD = "gnu++14";
				CLANG_CXX_LIBRARY = "libc++";
				CLANG_ENABLE_MODULES = YES;
				CLANG_ENABLE_OBJC_ARC = YES;
				CLANG_ENABLE_OBJC_WEAK = YES;
				CLANG_WARN_BLOCK_CAPTURE_AUTORELEASING = YES;
				CLANG_WARN_BOOL_CONVERSION = YES;
				CLANG_WARN_COMMA = YES;
				CLANG_WARN_CONSTANT_CONVERSION = YES;
				CLANG_WARN_DEPRECATED_OBJC_IMPLEMENTATIONS = YES;
				CLANG_WARN_DIRECT_OBJC_ISA_USAGE = YES_ERROR;
				CLANG_WARN_DOCUMENTATION_COMMENTS = YES;
				CLANG_WARN_EMPTY_BODY = YES;
				CLANG_WARN_ENUM_CONVERSION = YES;
				CLANG_WARN_INFINITE_RECURSION = YES;
				CLANG_WARN_INT_CONVERSION = YES;
				CLANG_WARN_NON_LITERAL_NULL_CONVERSION = YES;
				CLANG_WARN_OBJC_IMPLICIT_RETAIN_SELF = YES;
				CLANG_WARN_OBJC_LITERAL_CONVERSION = YES;
				CLANG_WARN_OBJC_ROOT_CLASS = YES_ERROR;
				CLANG_WARN_RANGE_LOOP_ANALYSIS = YES;
				CLANG_WARN_STRICT_PROTOTYPES = YES;
				CLANG_WARN_SUSPICIOUS_MOVE = YES;
				CLANG_WARN_UNGUARDED_AVAILABILITY = YES_AGGRESSIVE;
				CLANG_WARN_UNREACHABLE_CODE = YES;
				CLANG_WARN__DUPLICATE_METHOD_MATCH = YES;
				CODE_SIGN_IDENTITY = "iPhone Developer";
				COPY_PHASE_STRIP = NO;
				DEBUG_INFORMATION_FORMAT = dwarf;
				ENABLE_STRICT_OBJC_MSGSEND = YES;
				ENABLE_TESTABILITY = YES;
				GCC_C_LANGUAGE_STANDARD = gnu11;
				GCC_DYNAMIC_NO_PIC = NO;
				GCC_NO_COMMON_BLOCKS = YES;
				GCC_OPTIMIZATION_LEVEL = 0;
				GCC_PREPROCESSOR_DEFINITIONS = (
					"DEBUG=1",
					"$(inherited)",
				);
				GCC_WARN_64_TO_32_BIT_CONVERSION = YES;
				GCC_WARN_ABOUT_RETURN_TYPE = YES_ERROR;
				GCC_WARN_UNDECLARED_SELECTOR = YES;
				GCC_WARN_UNINITIALIZED_AUTOS = YES_AGGRESSIVE;
				GCC_WARN_UNUSED_FUNCTION = YES;
				GCC_WARN_UNUSED_VARIABLE = YES;
				IPHONEOS_DEPLOYMENT_TARGET = 12.1;
				MTL_ENABLE_DEBUG_INFO = INCLUDE_SOURCE;
				MTL_FAST_MATH = YES;
				ONLY_ACTIVE_ARCH = YES;
				SDKROOT = iphoneos;
				SWIFT_ACTIVE_COMPILATION_CONDITIONS = DEBUG;
				SWIFT_OPTIMIZATION_LEVEL = "-Onone";
			};
			name = Debug;
		};
		867068A62236CBE30006F823 /* Release */ = {
			isa = XCBuildConfiguration;
			buildSettings = {
				ALWAYS_SEARCH_USER_PATHS = NO;
				CLANG_ANALYZER_NONNULL = YES;
				CLANG_ANALYZER_NUMBER_OBJECT_CONVERSION = YES_AGGRESSIVE;
				CLANG_CXX_LANGUAGE_STANDARD = "gnu++14";
				CLANG_CXX_LIBRARY = "libc++";
				CLANG_ENABLE_MODULES = YES;
				CLANG_ENABLE_OBJC_ARC = YES;
				CLANG_ENABLE_OBJC_WEAK = YES;
				CLANG_WARN_BLOCK_CAPTURE_AUTORELEASING = YES;
				CLANG_WARN_BOOL_CONVERSION = YES;
				CLANG_WARN_COMMA = YES;
				CLANG_WARN_CONSTANT_CONVERSION = YES;
				CLANG_WARN_DEPRECATED_OBJC_IMPLEMENTATIONS = YES;
				CLANG_WARN_DIRECT_OBJC_ISA_USAGE = YES_ERROR;
				CLANG_WARN_DOCUMENTATION_COMMENTS = YES;
				CLANG_WARN_EMPTY_BODY = YES;
				CLANG_WARN_ENUM_CONVERSION = YES;
				CLANG_WARN_INFINITE_RECURSION = YES;
				CLANG_WARN_INT_CONVERSION = YES;
				CLANG_WARN_NON_LITERAL_NULL_CONVERSION = YES;
				CLANG_WARN_OBJC_IMPLICIT_RETAIN_SELF = YES;
				CLANG_WARN_OBJC_LITERAL_CONVERSION = YES;
				CLANG_WARN_OBJC_ROOT_CLASS = YES_ERROR;
				CLANG_WARN_RANGE_LOOP_ANALYSIS = YES;
				CLANG_WARN_STRICT_PROTOTYPES = YES;
				CLANG_WARN_SUSPICIOUS_MOVE = YES;
				CLANG_WARN_UNGUARDED_AVAILABILITY = YES_AGGRESSIVE;
				CLANG_WARN_UNREACHABLE_CODE = YES;
				CLANG_WARN__DUPLICATE_METHOD_MATCH = YES;
				CODE_SIGN_IDENTITY = "iPhone Developer";
				COPY_PHASE_STRIP = NO;
				DEBUG_INFORMATION_FORMAT = "dwarf-with-dsym";
				ENABLE_NS_ASSERTIONS = NO;
				ENABLE_STRICT_OBJC_MSGSEND = YES;
				GCC_C_LANGUAGE_STANDARD = gnu11;
				GCC_NO_COMMON_BLOCKS = YES;
				GCC_WARN_64_TO_32_BIT_CONVERSION = YES;
				GCC_WARN_ABOUT_RETURN_TYPE = YES_ERROR;
				GCC_WARN_UNDECLARED_SELECTOR = YES;
				GCC_WARN_UNINITIALIZED_AUTOS = YES_AGGRESSIVE;
				GCC_WARN_UNUSED_FUNCTION = YES;
				GCC_WARN_UNUSED_VARIABLE = YES;
				IPHONEOS_DEPLOYMENT_TARGET = 12.1;
				MTL_ENABLE_DEBUG_INFO = NO;
				MTL_FAST_MATH = YES;
				SDKROOT = iphoneos;
				SWIFT_COMPILATION_MODE = wholemodule;
				SWIFT_OPTIMIZATION_LEVEL = "-O";
				VALIDATE_PRODUCT = YES;
			};
			name = Release;
		};
		867068A82236CBE30006F823 /* Debug */ = {
			isa = XCBuildConfiguration;
			baseConfigurationReference = 8D85912303B6F88541ABBF9D /* Pods-map.debug.xcconfig */;
			buildSettings = {
				ASSETCATALOG_COMPILER_APPICON_NAME = AppIcon;
				CODE_SIGN_STYLE = Automatic;
				DEVELOPMENT_TEAM = R6KK9KWR33;
				INFOPLIST_FILE = map/Info.plist;
				LD_RUNPATH_SEARCH_PATHS = (
					"$(inherited)",
					"@executable_path/Frameworks",
				);
				PRODUCT_BUNDLE_IDENTIFIER = com.example.tuan.map;
				PRODUCT_NAME = "$(TARGET_NAME)";
				SWIFT_VERSION = 4.2;
				TARGETED_DEVICE_FAMILY = "1,2";
			};
			name = Debug;
		};
		867068A92236CBE30006F823 /* Release */ = {
			isa = XCBuildConfiguration;
			baseConfigurationReference = A48AE17F288EAE92E0F47BDB /* Pods-map.release.xcconfig */;
			buildSettings = {
				ASSETCATALOG_COMPILER_APPICON_NAME = AppIcon;
				CODE_SIGN_STYLE = Automatic;
				DEVELOPMENT_TEAM = R6KK9KWR33;
				INFOPLIST_FILE = map/Info.plist;
				LD_RUNPATH_SEARCH_PATHS = (
					"$(inherited)",
					"@executable_path/Frameworks",
				);
				PRODUCT_BUNDLE_IDENTIFIER = com.example.tuan.map;
				PRODUCT_NAME = "$(TARGET_NAME)";
				SWIFT_VERSION = 4.2;
				TARGETED_DEVICE_FAMILY = "1,2";
			};
			name = Release;
		};
		867068AB2236CBE30006F823 /* Debug */ = {
			isa = XCBuildConfiguration;
			baseConfigurationReference = C9E3D392C145F3359B53A847 /* Pods-mapTests.debug.xcconfig */;
			buildSettings = {
				ALWAYS_EMBED_SWIFT_STANDARD_LIBRARIES = YES;
				BUNDLE_LOADER = "$(TEST_HOST)";
				CODE_SIGN_STYLE = Automatic;
				DEVELOPMENT_TEAM = R6KK9KWR33;
				INFOPLIST_FILE = mapTests/Info.plist;
				LD_RUNPATH_SEARCH_PATHS = (
					"$(inherited)",
					"@executable_path/Frameworks",
					"@loader_path/Frameworks",
				);
				PRODUCT_BUNDLE_IDENTIFIER = com.example.mapTests;
				PRODUCT_NAME = "$(TARGET_NAME)";
				SWIFT_VERSION = 4.2;
				TARGETED_DEVICE_FAMILY = "1,2";
				TEST_HOST = "$(BUILT_PRODUCTS_DIR)/map.app/map";
			};
			name = Debug;
		};
		867068AC2236CBE30006F823 /* Release */ = {
			isa = XCBuildConfiguration;
			baseConfigurationReference = 2DC6B8960C94AF5C399FA9E8 /* Pods-mapTests.release.xcconfig */;
			buildSettings = {
				ALWAYS_EMBED_SWIFT_STANDARD_LIBRARIES = YES;
				BUNDLE_LOADER = "$(TEST_HOST)";
				CODE_SIGN_STYLE = Automatic;
				DEVELOPMENT_TEAM = R6KK9KWR33;
				INFOPLIST_FILE = mapTests/Info.plist;
				LD_RUNPATH_SEARCH_PATHS = (
					"$(inherited)",
					"@executable_path/Frameworks",
					"@loader_path/Frameworks",
				);
				PRODUCT_BUNDLE_IDENTIFIER = com.example.mapTests;
				PRODUCT_NAME = "$(TARGET_NAME)";
				SWIFT_VERSION = 4.2;
				TARGETED_DEVICE_FAMILY = "1,2";
				TEST_HOST = "$(BUILT_PRODUCTS_DIR)/map.app/map";
			};
			name = Release;
		};
		867068AE2236CBE30006F823 /* Debug */ = {
			isa = XCBuildConfiguration;
			baseConfigurationReference = 8127D88F9CF58AFFCFC9B14F /* Pods-mapUITests.debug.xcconfig */;
			buildSettings = {
				ALWAYS_EMBED_SWIFT_STANDARD_LIBRARIES = YES;
				CODE_SIGN_STYLE = Automatic;
				DEVELOPMENT_TEAM = R6KK9KWR33;
				INFOPLIST_FILE = mapUITests/Info.plist;
				LD_RUNPATH_SEARCH_PATHS = (
					"$(inherited)",
					"@executable_path/Frameworks",
					"@loader_path/Frameworks",
				);
				PRODUCT_BUNDLE_IDENTIFIER = com.example.mapUITests;
				PRODUCT_NAME = "$(TARGET_NAME)";
				SWIFT_VERSION = 4.2;
				TARGETED_DEVICE_FAMILY = "1,2";
				TEST_TARGET_NAME = map;
			};
			name = Debug;
		};
		867068AF2236CBE30006F823 /* Release */ = {
			isa = XCBuildConfiguration;
			baseConfigurationReference = 4FB6BFF0509340648335D959 /* Pods-mapUITests.release.xcconfig */;
			buildSettings = {
				ALWAYS_EMBED_SWIFT_STANDARD_LIBRARIES = YES;
				CODE_SIGN_STYLE = Automatic;
				DEVELOPMENT_TEAM = R6KK9KWR33;
				INFOPLIST_FILE = mapUITests/Info.plist;
				LD_RUNPATH_SEARCH_PATHS = (
					"$(inherited)",
					"@executable_path/Frameworks",
					"@loader_path/Frameworks",
				);
				PRODUCT_BUNDLE_IDENTIFIER = com.example.mapUITests;
				PRODUCT_NAME = "$(TARGET_NAME)";
				SWIFT_VERSION = 4.2;
				TARGETED_DEVICE_FAMILY = "1,2";
				TEST_TARGET_NAME = map;
			};
			name = Release;
		};
/* End XCBuildConfiguration section */

/* Begin XCConfigurationList section */
		8670687A2236CBE10006F823 /* Build configuration list for PBXProject "map" */ = {
			isa = XCConfigurationList;
			buildConfigurations = (
				867068A52236CBE30006F823 /* Debug */,
				867068A62236CBE30006F823 /* Release */,
			);
			defaultConfigurationIsVisible = 0;
			defaultConfigurationName = Release;
		};
		867068A72236CBE30006F823 /* Build configuration list for PBXNativeTarget "map" */ = {
			isa = XCConfigurationList;
			buildConfigurations = (
				867068A82236CBE30006F823 /* Debug */,
				867068A92236CBE30006F823 /* Release */,
			);
			defaultConfigurationIsVisible = 0;
			defaultConfigurationName = Release;
		};
		867068AA2236CBE30006F823 /* Build configuration list for PBXNativeTarget "mapTests" */ = {
			isa = XCConfigurationList;
			buildConfigurations = (
				867068AB2236CBE30006F823 /* Debug */,
				867068AC2236CBE30006F823 /* Release */,
			);
			defaultConfigurationIsVisible = 0;
			defaultConfigurationName = Release;
		};
		867068AD2236CBE30006F823 /* Build configuration list for PBXNativeTarget "mapUITests" */ = {
			isa = XCConfigurationList;
			buildConfigurations = (
				867068AE2236CBE30006F823 /* Debug */,
				867068AF2236CBE30006F823 /* Release */,
			);
			defaultConfigurationIsVisible = 0;
			defaultConfigurationName = Release;
		};
/* End XCConfigurationList section */
	};
	rootObject = 867068772236CBE10006F823 /* Project object */;
}
